
Microsoft Visual Studio Solution File, Format Version 12.00
# Visual Studio 14
VisualStudioVersion = 14.0.25420.1
MinimumVisualStudioVersion = 10.0.40219.1
Project("{803FD0C6-D64E-4E16-9DC3-1DAEC859A3D2}") = "Lis", "Lis\Lis.vgdbcmake", "{A5CD8C05-5C57-4FFA-BFA3-B5C963BFE7A2}"
EndProject
Global
	GlobalSection(SolutionConfigurationPlatforms) = preSolution
		Debug|VisualGDB = Debug|VisualGDB
		MinSizeRel|VisualGDB = MinSizeRel|VisualGDB
		Release|VisualGDB = Release|VisualGDB
		RelWithDebInfo|VisualGDB = RelWithDebInfo|VisualGDB
	EndGlobalSection
	GlobalSection(ProjectConfigurationPlatforms) = postSolution
		{A5CD8C05-5C57-4FFA-BFA3-B5C963BFE7A2}.Debug|VisualGDB.ActiveCfg = Debug|VisualGDB
		{A5CD8C05-5C57-4FFA-BFA3-B5C963BFE7A2}.Debug|VisualGDB.Build.0 = Debug|VisualGDB
		{A5CD8C05-5C57-4FFA-BFA3-B5C963BFE7A2}.MinSizeRel|VisualGDB.ActiveCfg = MinSizeRel|VisualGDB
		{A5CD8C05-5C57-4FFA-BFA3-B5C963BFE7A2}.MinSizeRel|VisualGDB.Build.0 = MinSizeRel|VisualGDB
		{A5CD8C05-5C57-4FFA-BFA3-B5C963BFE7A2}.Release|VisualGDB.ActiveCfg = Release|VisualGDB
		{A5CD8C05-5C57-4FFA-BFA3-B5C963BFE7A2}.Release|VisualGDB.Build.0 = Release|VisualGDB
		{A5CD8C05-5C57-4FFA-BFA3-B5C963BFE7A2}.RelWithDebInfo|VisualGDB.ActiveCfg = RelWithDebInfo|VisualGDB
		{A5CD8C05-5C57-4FFA-BFA3-B5C963BFE7A2}.RelWithDebInfo|VisualGDB.Build.0 = RelWithDebInfo|VisualGDB
	EndGlobalSection
	GlobalSection(SolutionProperties) = preSolution
		HideSolutionNode = FALSE
	EndGlobalSection
EndGlobal
